// !$*UTF8*$!
{
	archiveVersion = 1;
	classes = {
	};
	objectVersion = 56;
	objects = {

/* Begin PBXBuildFile section */
		CB582EC62B4F2615006ED90D /* WiredApp.swift in Sources */ = {isa = PBXBuildFile; fileRef = CB582EC52B4F2615006ED90D /* WiredApp.swift */; };
		CB582EC82B4F2615006ED90D /* ContentView.swift in Sources */ = {isa = PBXBuildFile; fileRef = CB582EC72B4F2615006ED90D /* ContentView.swift */; };
		CB582ECA2B4F2617006ED90D /* Assets.xcassets in Resources */ = {isa = PBXBuildFile; fileRef = CB582EC92B4F2617006ED90D /* Assets.xcassets */; };
		CB582ECD2B4F2617006ED90D /* Preview Assets.xcassets in Resources */ = {isa = PBXBuildFile; fileRef = CB582ECC2B4F2617006ED90D /* Preview Assets.xcassets */; };
		CB582EFE2B4F3333006ED90D /* MainTabView.swift in Sources */ = {isa = PBXBuildFile; fileRef = CB582EFD2B4F3333006ED90D /* MainTabView.swift */; };
		CB582F002B4F3995006ED90D /* ProfileView.swift in Sources */ = {isa = PBXBuildFile; fileRef = CB582EFF2B4F3995006ED90D /* ProfileView.swift */; };
/* End PBXBuildFile section */

/* Begin PBXContainerItemProxy section */
		CB582ED32B4F2617006ED90D /* PBXContainerItemProxy */ = {
			isa = PBXContainerItemProxy;
			containerPortal = CB582EBA2B4F2615006ED90D /* Project object */;
			proxyType = 1;
			remoteGlobalIDString = CB582EC12B4F2615006ED90D;
			remoteInfo = Wired;
		};
		CB582EDD2B4F2617006ED90D /* PBXContainerItemProxy */ = {
			isa = PBXContainerItemProxy;
			containerPortal = CB582EBA2B4F2615006ED90D /* Project object */;
			proxyType = 1;
			remoteGlobalIDString = CB582EC12B4F2615006ED90D;
			remoteInfo = Wired;
		};
/* End PBXContainerItemProxy section */

/* Begin PBXFileReference section */
		CB582EC22B4F2615006ED90D /* Wired.app */ = {isa = PBXFileReference; explicitFileType = wrapper.application; includeInIndex = 0; path = Wired.app; sourceTree = BUILT_PRODUCTS_DIR; };
		CB582EC52B4F2615006ED90D /* WiredApp.swift */ = {isa = PBXFileReference; lastKnownFileType = sourcecode.swift; path = WiredApp.swift; sourceTree = "<group>"; };
		CB582EC72B4F2615006ED90D /* ContentView.swift */ = {isa = PBXFileReference; lastKnownFileType = sourcecode.swift; path = ContentView.swift; sourceTree = "<group>"; };
		CB582EC92B4F2617006ED90D /* Assets.xcassets */ = {isa = PBXFileReference; lastKnownFileType = folder.assetcatalog; path = Assets.xcassets; sourceTree = "<group>"; };
		CB582ECC2B4F2617006ED90D /* Preview Assets.xcassets */ = {isa = PBXFileReference; lastKnownFileType = folder.assetcatalog; path = "Preview Assets.xcassets"; sourceTree = "<group>"; };
		CB582ED22B4F2617006ED90D /* WiredTests.xctest */ = {isa = PBXFileReference; explicitFileType = wrapper.cfbundle; includeInIndex = 0; path = WiredTests.xctest; sourceTree = BUILT_PRODUCTS_DIR; };
		CB582EDC2B4F2617006ED90D /* WiredUITests.xctest */ = {isa = PBXFileReference; explicitFileType = wrapper.cfbundle; includeInIndex = 0; path = WiredUITests.xctest; sourceTree = BUILT_PRODUCTS_DIR; };
		CB582EFD2B4F3333006ED90D /* MainTabView.swift */ = {isa = PBXFileReference; lastKnownFileType = sourcecode.swift; path = MainTabView.swift; sourceTree = "<group>"; };
		CB582EFF2B4F3995006ED90D /* ProfileView.swift */ = {isa = PBXFileReference; lastKnownFileType = sourcecode.swift; path = ProfileView.swift; sourceTree = "<group>"; };
/* End PBXFileReference section */

/* Begin PBXFrameworksBuildPhase section */
		CB582EBF2B4F2615006ED90D /* Frameworks */ = {
			isa = PBXFrameworksBuildPhase;
			buildActionMask = 2147483647;
			files = (
			);
			runOnlyForDeploymentPostprocessing = 0;
		};
		CB582ECF2B4F2617006ED90D /* Frameworks */ = {
			isa = PBXFrameworksBuildPhase;
			buildActionMask = 2147483647;
			files = (
			);
			runOnlyForDeploymentPostprocessing = 0;
		};
		CB582ED92B4F2617006ED90D /* Frameworks */ = {
			isa = PBXFrameworksBuildPhase;
			buildActionMask = 2147483647;
			files = (
			);
			runOnlyForDeploymentPostprocessing = 0;
		};
/* End PBXFrameworksBuildPhase section */

/* Begin PBXGroup section */
		CB582EB92B4F2615006ED90D = {
			isa = PBXGroup;
			children = (
				CB582EC42B4F2615006ED90D /* Wired */,
				CB582EC32B4F2615006ED90D /* Products */,
			);
			sourceTree = "<group>";
		};
		CB582EC32B4F2615006ED90D /* Products */ = {
			isa = PBXGroup;
			children = (
				CB582EC22B4F2615006ED90D /* Wired.app */,
				CB582ED22B4F2617006ED90D /* WiredTests.xctest */,
				CB582EDC2B4F2617006ED90D /* WiredUITests.xctest */,
			);
			name = Products;
			sourceTree = "<group>";
		};
		CB582EC42B4F2615006ED90D /* Wired */ = {
			isa = PBXGroup;
			children = (
				CB582EF32B4F267D006ED90D /* App */,
				CB582EF22B4F2678006ED90D /* Model */,
				CB582EF12B4F2674006ED90D /* Services */,
				CB582EF02B4F2670006ED90D /* Extensions */,
				CB582EEF2B4F266A006ED90D /* Core */,
				CB582EC72B4F2615006ED90D /* ContentView.swift */,
				CB582ECB2B4F2617006ED90D /* Preview Content */,
				CB582EC92B4F2617006ED90D /* Assets.xcassets */,
			);
			path = Wired;
			sourceTree = "<group>";
		};
		CB582ECB2B4F2617006ED90D /* Preview Content */ = {
			isa = PBXGroup;
			children = (
				CB582ECC2B4F2617006ED90D /* Preview Assets.xcassets */,
			);
			path = "Preview Content";
			sourceTree = "<group>";
		};
		CB582EEF2B4F266A006ED90D /* Core */ = {
			isa = PBXGroup;
			children = (
				CB582EF42B4F2840006ED90D /* Authentication */,
				CB582EF82B4F28BB006ED90D /* Feed */,
				CB582EF62B4F28A9006ED90D /* Profile */,
				CB582EF52B4F289E006ED90D /* Root */,
				CB582EF72B4F28B3006ED90D /* Search */,
				CB582EF92B4F292B006ED90D /* TabBar */,
				CB582EFA2B4F2942006ED90D /* UploadPost */,
			);
			path = Core;
			sourceTree = "<group>";
		};
		CB582EF02B4F2670006ED90D /* Extensions */ = {
			isa = PBXGroup;
			children = (
			);
			path = Extensions;
			sourceTree = "<group>";
		};
		CB582EF12B4F2674006ED90D /* Services */ = {
			isa = PBXGroup;
			children = (
			);
			path = Services;
			sourceTree = "<group>";
		};
		CB582EF22B4F2678006ED90D /* Model */ = {
			isa = PBXGroup;
			children = (
			);
			path = Model;
			sourceTree = "<group>";
		};
		CB582EF32B4F267D006ED90D /* App */ = {
			isa = PBXGroup;
			children = (
				CB582EC52B4F2615006ED90D /* WiredApp.swift */,
			);
			path = App;
			sourceTree = "<group>";
		};
		CB582EF42B4F2840006ED90D /* Authentication */ = {
			isa = PBXGroup;
			children = (
			);
			path = Authentication;
			sourceTree = "<group>";
		};
		CB582EF52B4F289E006ED90D /* Root */ = {
			isa = PBXGroup;
			children = (
			);
			path = Root;
			sourceTree = "<group>";
		};
		CB582EF62B4F28A9006ED90D /* Profile */ = {
			isa = PBXGroup;
			children = (
				CB582EFF2B4F3995006ED90D /* ProfileView.swift */,
			);
			path = Profile;
			sourceTree = "<group>";
		};
		CB582EF72B4F28B3006ED90D /* Search */ = {
			isa = PBXGroup;
			children = (
			);
			path = Search;
			sourceTree = "<group>";
		};
		CB582EF82B4F28BB006ED90D /* Feed */ = {
			isa = PBXGroup;
			children = (
			);
			path = Feed;
			sourceTree = "<group>";
		};
		CB582EF92B4F292B006ED90D /* TabBar */ = {
			isa = PBXGroup;
			children = (
				CB582EFD2B4F3333006ED90D /* MainTabView.swift */,
			);
			path = TabBar;
			sourceTree = "<group>";
		};
		CB582EFA2B4F2942006ED90D /* UploadPost */ = {
			isa = PBXGroup;
			children = (
			);
			path = UploadPost;
			sourceTree = "<group>";
		};
/* End PBXGroup section */

/* Begin PBXNativeTarget section */
		CB582EC12B4F2615006ED90D /* Wired */ = {
			isa = PBXNativeTarget;
			buildConfigurationList = CB582EE62B4F2617006ED90D /* Build configuration list for PBXNativeTarget "Wired" */;
			buildPhases = (
				CB582EBE2B4F2615006ED90D /* Sources */,
				CB582EBF2B4F2615006ED90D /* Frameworks */,
				CB582EC02B4F2615006ED90D /* Resources */,
			);
			buildRules = (
			);
			dependencies = (
			);
			name = Wired;
			productName = Wired;
			productReference = CB582EC22B4F2615006ED90D /* Wired.app */;
			productType = "com.apple.product-type.application";
		};
		CB582ED12B4F2617006ED90D /* WiredTests */ = {
			isa = PBXNativeTarget;
			buildConfigurationList = CB582EE92B4F2617006ED90D /* Build configuration list for PBXNativeTarget "WiredTests" */;
			buildPhases = (
				CB582ECE2B4F2617006ED90D /* Sources */,
				CB582ECF2B4F2617006ED90D /* Frameworks */,
				CB582ED02B4F2617006ED90D /* Resources */,
			);
			buildRules = (
			);
			dependencies = (
				CB582ED42B4F2617006ED90D /* PBXTargetDependency */,
			);
			name = WiredTests;
			productName = WiredTests;
			productReference = CB582ED22B4F2617006ED90D /* WiredTests.xctest */;
			productType = "com.apple.product-type.bundle.unit-test";
		};
		CB582EDB2B4F2617006ED90D /* WiredUITests */ = {
			isa = PBXNativeTarget;
			buildConfigurationList = CB582EEC2B4F2617006ED90D /* Build configuration list for PBXNativeTarget "WiredUITests" */;
			buildPhases = (
				CB582ED82B4F2617006ED90D /* Sources */,
				CB582ED92B4F2617006ED90D /* Frameworks */,
				CB582EDA2B4F2617006ED90D /* Resources */,
			);
			buildRules = (
			);
			dependencies = (
				CB582EDE2B4F2617006ED90D /* PBXTargetDependency */,
			);
			name = WiredUITests;
			productName = WiredUITests;
			productReference = CB582EDC2B4F2617006ED90D /* WiredUITests.xctest */;
			productType = "com.apple.product-type.bundle.ui-testing";
		};
/* End PBXNativeTarget section */

/* Begin PBXProject section */
		CB582EBA2B4F2615006ED90D /* Project object */ = {
			isa = PBXProject;
			attributes = {
				BuildIndependentTargetsInParallel = 1;
				LastSwiftUpdateCheck = 1520;
				LastUpgradeCheck = 1520;
				TargetAttributes = {
					CB582EC12B4F2615006ED90D = {
						CreatedOnToolsVersion = 15.2;
					};
					CB582ED12B4F2617006ED90D = {
						CreatedOnToolsVersion = 15.2;
						TestTargetID = CB582EC12B4F2615006ED90D;
					};
					CB582EDB2B4F2617006ED90D = {
						CreatedOnToolsVersion = 15.2;
						TestTargetID = CB582EC12B4F2615006ED90D;
					};
				};
			};
			buildConfigurationList = CB582EBD2B4F2615006ED90D /* Build configuration list for PBXProject "Wired" */;
			compatibilityVersion = "Xcode 14.0";
			developmentRegion = en;
			hasScannedForEncodings = 0;
			knownRegions = (
				en,
				Base,
			);
			mainGroup = CB582EB92B4F2615006ED90D;
			productRefGroup = CB582EC32B4F2615006ED90D /* Products */;
			projectDirPath = "";
			projectRoot = "";
			targets = (
				CB582EC12B4F2615006ED90D /* Wired */,
				CB582ED12B4F2617006ED90D /* WiredTests */,
				CB582EDB2B4F2617006ED90D /* WiredUITests */,
			);
		};
/* End PBXProject section */

/* Begin PBXResourcesBuildPhase section */
		CB582EC02B4F2615006ED90D /* Resources */ = {
			isa = PBXResourcesBuildPhase;
			buildActionMask = 2147483647;
			files = (
				CB582ECD2B4F2617006ED90D /* Preview Assets.xcassets in Resources */,
				CB582ECA2B4F2617006ED90D /* Assets.xcassets in Resources */,
			);
			runOnlyForDeploymentPostprocessing = 0;
		};
		CB582ED02B4F2617006ED90D /* Resources */ = {
			isa = PBXResourcesBuildPhase;
			buildActionMask = 2147483647;
			files = (
			);
			runOnlyForDeploymentPostprocessing = 0;
		};
		CB582EDA2B4F2617006ED90D /* Resources */ = {
			isa = PBXResourcesBuildPhase;
			buildActionMask = 2147483647;
			files = (
			);
			runOnlyForDeploymentPostprocessing = 0;
		};
/* End PBXResourcesBuildPhase section */

/* Begin PBXSourcesBuildPhase section */
		CB582EBE2B4F2615006ED90D /* Sources */ = {
			isa = PBXSourcesBuildPhase;
			buildActionMask = 2147483647;
			files = (
				CB582F002B4F3995006ED90D /* ProfileView.swift in Sources */,
				CB582EC82B4F2615006ED90D /* ContentView.swift in Sources */,
				CB582EC62B4F2615006ED90D /* WiredApp.swift in Sources */,
				CB582EFE2B4F3333006ED90D /* MainTabView.swift in Sources */,
			);
			runOnlyForDeploymentPostprocessing = 0;
		};
		CB582ECE2B4F2617006ED90D /* Sources */ = {
			isa = PBXSourcesBuildPhase;
			buildActionMask = 2147483647;
			files = (
			);
			runOnlyForDeploymentPostprocessing = 0;
		};
		CB582ED82B4F2617006ED90D /* Sources */ = {
			isa = PBXSourcesBuildPhase;
			buildActionMask = 2147483647;
			files = (
			);
			runOnlyForDeploymentPostprocessing = 0;
		};
/* End PBXSourcesBuildPhase section */

/* Begin PBXTargetDependency section */
		CB582ED42B4F2617006ED90D /* PBXTargetDependency */ = {
			isa = PBXTargetDependency;
			target = CB582EC12B4F2615006ED90D /* Wired */;
			targetProxy = CB582ED32B4F2617006ED90D /* PBXContainerItemProxy */;
		};
		CB582EDE2B4F2617006ED90D /* PBXTargetDependency */ = {
			isa = PBXTargetDependency;
			target = CB582EC12B4F2615006ED90D /* Wired */;
			targetProxy = CB582EDD2B4F2617006ED90D /* PBXContainerItemProxy */;
		};
/* End PBXTargetDependency section */

/* Begin XCBuildConfiguration section */
		CB582EE42B4F2617006ED90D /* Debug */ = {
			isa = XCBuildConfiguration;
			buildSettings = {
				ALWAYS_SEARCH_USER_PATHS = NO;
				ASSETCATALOG_COMPILER_GENERATE_SWIFT_ASSET_SYMBOL_EXTENSIONS = YES;
				CLANG_ANALYZER_NONNULL = YES;
				CLANG_ANALYZER_NUMBER_OBJECT_CONVERSION = YES_AGGRESSIVE;
				CLANG_CXX_LANGUAGE_STANDARD = "gnu++20";
				CLANG_ENABLE_MODULES = YES;
				CLANG_ENABLE_OBJC_ARC = YES;
				CLANG_ENABLE_OBJC_WEAK = YES;
				CLANG_WARN_BLOCK_CAPTURE_AUTORELEASING = YES;
				CLANG_WARN_BOOL_CONVERSION = YES;
				CLANG_WARN_COMMA = YES;
				CLANG_WARN_CONSTANT_CONVERSION = YES;
				CLANG_WARN_DEPRECATED_OBJC_IMPLEMENTATIONS = YES;
				CLANG_WARN_DIRECT_OBJC_ISA_USAGE = YES_ERROR;
				CLANG_WARN_DOCUMENTATION_COMMENTS = YES;
				CLANG_WARN_EMPTY_BODY = YES;
				CLANG_WARN_ENUM_CONVERSION = YES;
				CLANG_WARN_INFINITE_RECURSION = YES;
				CLANG_WARN_INT_CONVERSION = YES;
				CLANG_WARN_NON_LITERAL_NULL_CONVERSION = YES;
				CLANG_WARN_OBJC_IMPLICIT_RETAIN_SELF = YES;
				CLANG_WARN_OBJC_LITERAL_CONVERSION = YES;
				CLANG_WARN_OBJC_ROOT_CLASS = YES_ERROR;
				CLANG_WARN_QUOTED_INCLUDE_IN_FRAMEWORK_HEADER = YES;
				CLANG_WARN_RANGE_LOOP_ANALYSIS = YES;
				CLANG_WARN_STRICT_PROTOTYPES = YES;
				CLANG_WARN_SUSPICIOUS_MOVE = YES;
				CLANG_WARN_UNGUARDED_AVAILABILITY = YES_AGGRESSIVE;
				CLANG_WARN_UNREACHABLE_CODE = YES;
				CLANG_WARN__DUPLICATE_METHOD_MATCH = YES;
				COPY_PHASE_STRIP = NO;
				DEBUG_INFORMATION_FORMAT = dwarf;
				ENABLE_STRICT_OBJC_MSGSEND = YES;
				ENABLE_TESTABILITY = YES;
				ENABLE_USER_SCRIPT_SANDBOXING = YES;
				GCC_C_LANGUAGE_STANDARD = gnu17;
				GCC_DYNAMIC_NO_PIC = NO;
				GCC_NO_COMMON_BLOCKS = YES;
				GCC_OPTIMIZATION_LEVEL = 0;
				GCC_PREPROCESSOR_DEFINITIONS = (
					"DEBUG=1",
					"$(inherited)",
				);
				GCC_WARN_64_TO_32_BIT_CONVERSION = YES;
				GCC_WARN_ABOUT_RETURN_TYPE = YES_ERROR;
				GCC_WARN_UNDECLARED_SELECTOR = YES;
				GCC_WARN_UNINITIALIZED_AUTOS = YES_AGGRESSIVE;
				GCC_WARN_UNUSED_FUNCTION = YES;
				GCC_WARN_UNUSED_VARIABLE = YES;
				IPHONEOS_DEPLOYMENT_TARGET = 17.2;
				LOCALIZATION_PREFERS_STRING_CATALOGS = YES;
				MTL_ENABLE_DEBUG_INFO = INCLUDE_SOURCE;
				MTL_FAST_MATH = YES;
				ONLY_ACTIVE_ARCH = YES;
				SDKROOT = iphoneos;
				SWIFT_ACTIVE_COMPILATION_CONDITIONS = "DEBUG $(inherited)";
				SWIFT_OPTIMIZATION_LEVEL = "-Onone";
			};
			name = Debug;
		};
		CB582EE52B4F2617006ED90D /* Release */ = {
			isa = XCBuildConfiguration;
			buildSettings = {
				ALWAYS_SEARCH_USER_PATHS = NO;
				ASSETCATALOG_COMPILER_GENERATE_SWIFT_ASSET_SYMBOL_EXTENSIONS = YES;
				CLANG_ANALYZER_NONNULL = YES;
				CLANG_ANALYZER_NUMBER_OBJECT_CONVERSION = YES_AGGRESSIVE;
				CLANG_CXX_LANGUAGE_STANDARD = "gnu++20";
				CLANG_ENABLE_MODULES = YES;
				CLANG_ENABLE_OBJC_ARC = YES;
				CLANG_ENABLE_OBJC_WEAK = YES;
				CLANG_WARN_BLOCK_CAPTURE_AUTORELEASING = YES;
				CLANG_WARN_BOOL_CONVERSION = YES;
				CLANG_WARN_COMMA = YES;
				CLANG_WARN_CONSTANT_CONVERSION = YES;
				CLANG_WARN_DEPRECATED_OBJC_IMPLEMENTATIONS = YES;
				CLANG_WARN_DIRECT_OBJC_ISA_USAGE = YES_ERROR;
				CLANG_WARN_DOCUMENTATION_COMMENTS = YES;
				CLANG_WARN_EMPTY_BODY = YES;
				CLANG_WARN_ENUM_CONVERSION = YES;
				CLANG_WARN_INFINITE_RECURSION = YES;
				CLANG_WARN_INT_CONVERSION = YES;
				CLANG_WARN_NON_LITERAL_NULL_CONVERSION = YES;
				CLANG_WARN_OBJC_IMPLICIT_RETAIN_SELF = YES;
				CLANG_WARN_OBJC_LITERAL_CONVERSION = YES;
				CLANG_WARN_OBJC_ROOT_CLASS = YES_ERROR;
				CLANG_WARN_QUOTED_INCLUDE_IN_FRAMEWORK_HEADER = YES;
				CLANG_WARN_RANGE_LOOP_ANALYSIS = YES;
				CLANG_WARN_STRICT_PROTOTYPES = YES;
				CLANG_WARN_SUSPICIOUS_MOVE = YES;
				CLANG_WARN_UNGUARDED_AVAILABILITY = YES_AGGRESSIVE;
				CLANG_WARN_UNREACHABLE_CODE = YES;
				CLANG_WARN__DUPLICATE_METHOD_MATCH = YES;
				COPY_PHASE_STRIP = NO;
				DEBUG_INFORMATION_FORMAT = "dwarf-with-dsym";
				ENABLE_NS_ASSERTIONS = NO;
				ENABLE_STRICT_OBJC_MSGSEND = YES;
				ENABLE_USER_SCRIPT_SANDBOXING = YES;
				GCC_C_LANGUAGE_STANDARD = gnu17;
				GCC_NO_COMMON_BLOCKS = YES;
				GCC_WARN_64_TO_32_BIT_CONVERSION = YES;
				GCC_WARN_ABOUT_RETURN_TYPE = YES_ERROR;
				GCC_WARN_UNDECLARED_SELECTOR = YES;
				GCC_WARN_UNINITIALIZED_AUTOS = YES_AGGRESSIVE;
				GCC_WARN_UNUSED_FUNCTION = YES;
				GCC_WARN_UNUSED_VARIABLE = YES;
				IPHONEOS_DEPLOYMENT_TARGET = 17.2;
				LOCALIZATION_PREFERS_STRING_CATALOGS = YES;
				MTL_ENABLE_DEBUG_INFO = NO;
				MTL_FAST_MATH = YES;
				SDKROOT = iphoneos;
				SWIFT_COMPILATION_MODE = wholemodule;
				VALIDATE_PRODUCT = YES;
			};
			name = Release;
		};
		CB582EE72B4F2617006ED90D /* Debug */ = {
			isa = XCBuildConfiguration;
			buildSettings = {
				ASSETCATALOG_COMPILER_APPICON_NAME = AppIcon;
				ASSETCATALOG_COMPILER_GLOBAL_ACCENT_COLOR_NAME = AccentColor;
				CODE_SIGN_STYLE = Automatic;
				CURRENT_PROJECT_VERSION = 1;
				DEVELOPMENT_ASSET_PATHS = "\"Wired/Preview Content\"";
				DEVELOPMENT_TEAM = GWNW7GX2H2;
				ENABLE_PREVIEWS = YES;
				GENERATE_INFOPLIST_FILE = YES;
				INFOPLIST_KEY_UIApplicationSceneManifest_Generation = YES;
				INFOPLIST_KEY_UIApplicationSupportsIndirectInputEvents = YES;
				INFOPLIST_KEY_UILaunchScreen_Generation = YES;
				INFOPLIST_KEY_UISupportedInterfaceOrientations_iPad = "UIInterfaceOrientationPortrait UIInterfaceOrientationPortraitUpsideDown UIInterfaceOrientationLandscapeLeft UIInterfaceOrientationLandscapeRight";
				INFOPLIST_KEY_UISupportedInterfaceOrientations_iPhone = "UIInterfaceOrientationPortrait UIInterfaceOrientationLandscapeLeft UIInterfaceOrientationLandscapeRight";
				LD_RUNPATH_SEARCH_PATHS = (
					"$(inherited)",
					"@executable_path/Frameworks",
				);
				MARKETING_VERSION = 1.0;
				PRODUCT_BUNDLE_IDENTIFIER = com.ancaavram.Wired;
				PRODUCT_NAME = "$(TARGET_NAME)";
				SWIFT_EMIT_LOC_STRINGS = YES;
				SWIFT_VERSION = 5.0;
				TARGETED_DEVICE_FAMILY = "1,2";
			};
			name = Debug;
		};
		CB582EE82B4F2617006ED90D /* Release */ = {
			isa = XCBuildConfiguration;
			buildSettings = {
				ASSETCATALOG_COMPILER_APPICON_NAME = AppIcon;
				ASSETCATALOG_COMPILER_GLOBAL_ACCENT_COLOR_NAME = AccentColor;
				CODE_SIGN_STYLE = Automatic;
				CURRENT_PROJECT_VERSION = 1;
				DEVELOPMENT_ASSET_PATHS = "\"Wired/Preview Content\"";
				DEVELOPMENT_TEAM = GWNW7GX2H2;
				ENABLE_PREVIEWS = YES;
				GENERATE_INFOPLIST_FILE = YES;
				INFOPLIST_KEY_UIApplicationSceneManifest_Generation = YES;
				INFOPLIST_KEY_UIApplicationSupportsIndirectInputEvents = YES;
				INFOPLIST_KEY_UILaunchScreen_Generation = YES;
				INFOPLIST_KEY_UISupportedInterfaceOrientations_iPad = "UIInterfaceOrientationPortrait UIInterfaceOrientationPortraitUpsideDown UIInterfaceOrientationLandscapeLeft UIInterfaceOrientationLandscapeRight";
				INFOPLIST_KEY_UISupportedInterfaceOrientations_iPhone = "UIInterfaceOrientationPortrait UIInterfaceOrientationLandscapeLeft UIInterfaceOrientationLandscapeRight";
				LD_RUNPATH_SEARCH_PATHS = (
					"$(inherited)",
					"@executable_path/Frameworks",
				);
				MARKETING_VERSION = 1.0;
				PRODUCT_BUNDLE_IDENTIFIER = com.ancaavram.Wired;
				PRODUCT_NAME = "$(TARGET_NAME)";
				SWIFT_EMIT_LOC_STRINGS = YES;
				SWIFT_VERSION = 5.0;
				TARGETED_DEVICE_FAMILY = "1,2";
			};
			name = Release;
		};
		CB582EEA2B4F2617006ED90D /* Debug */ = {
			isa = XCBuildConfiguration;
			buildSettings = {
				ALWAYS_EMBED_SWIFT_STANDARD_LIBRARIES = YES;
				BUNDLE_LOADER = "$(TEST_HOST)";
				CODE_SIGN_STYLE = Automatic;
				CURRENT_PROJECT_VERSION = 1;
				DEVELOPMENT_TEAM = GWNW7GX2H2;
				GENERATE_INFOPLIST_FILE = YES;
				IPHONEOS_DEPLOYMENT_TARGET = 17.2;
				MARKETING_VERSION = 1.0;
				PRODUCT_BUNDLE_IDENTIFIER = com.ancaavram.WiredTests;
				PRODUCT_NAME = "$(TARGET_NAME)";
				SWIFT_EMIT_LOC_STRINGS = NO;
				SWIFT_VERSION = 5.0;
				TARGETED_DEVICE_FAMILY = "1,2";
				TEST_HOST = "$(BUILT_PRODUCTS_DIR)/Wired.app/$(BUNDLE_EXECUTABLE_FOLDER_PATH)/Wired";
			};
			name = Debug;
		};
		CB582EEB2B4F2617006ED90D /* Release */ = {
			isa = XCBuildConfiguration;
			buildSettings = {
				ALWAYS_EMBED_SWIFT_STANDARD_LIBRARIES = YES;
				BUNDLE_LOADER = "$(TEST_HOST)";
				CODE_SIGN_STYLE = Automatic;
				CURRENT_PROJECT_VERSION = 1;
				DEVELOPMENT_TEAM = GWNW7GX2H2;
				GENERATE_INFOPLIST_FILE = YES;
				IPHONEOS_DEPLOYMENT_TARGET = 17.2;
				MARKETING_VERSION = 1.0;
				PRODUCT_BUNDLE_IDENTIFIER = com.ancaavram.WiredTests;
				PRODUCT_NAME = "$(TARGET_NAME)";
				SWIFT_EMIT_LOC_STRINGS = NO;
				SWIFT_VERSION = 5.0;
				TARGETED_DEVICE_FAMILY = "1,2";
				TEST_HOST = "$(BUILT_PRODUCTS_DIR)/Wired.app/$(BUNDLE_EXECUTABLE_FOLDER_PATH)/Wired";
			};
			name = Release;
		};
		CB582EED2B4F2617006ED90D /* Debug */ = {
			isa = XCBuildConfiguration;
			buildSettings = {
				ALWAYS_EMBED_SWIFT_STANDARD_LIBRARIES = YES;
				CODE_SIGN_STYLE = Automatic;
				CURRENT_PROJECT_VERSION = 1;
				DEVELOPMENT_TEAM = GWNW7GX2H2;
				GENERATE_INFOPLIST_FILE = YES;
				MARKETING_VERSION = 1.0;
				PRODUCT_BUNDLE_IDENTIFIER = com.ancaavram.WiredUITests;
				PRODUCT_NAME = "$(TARGET_NAME)";
				SWIFT_EMIT_LOC_STRINGS = NO;
				SWIFT_VERSION = 5.0;
				TARGETED_DEVICE_FAMILY = "1,2";
				TEST_TARGET_NAME = Wired;
			};
			name = Debug;
		};
		CB582EEE2B4F2617006ED90D /* Release */ = {
			isa = XCBuildConfiguration;
			buildSettings = {
				ALWAYS_EMBED_SWIFT_STANDARD_LIBRARIES = YES;
				CODE_SIGN_STYLE = Automatic;
				CURRENT_PROJECT_VERSION = 1;
				DEVELOPMENT_TEAM = GWNW7GX2H2;
				GENERATE_INFOPLIST_FILE = YES;
				MARKETING_VERSION = 1.0;
				PRODUCT_BUNDLE_IDENTIFIER = com.ancaavram.WiredUITests;
				PRODUCT_NAME = "$(TARGET_NAME)";
				SWIFT_EMIT_LOC_STRINGS = NO;
				SWIFT_VERSION = 5.0;
				TARGETED_DEVICE_FAMILY = "1,2";
				TEST_TARGET_NAME = Wired;
			};
			name = Release;
		};
/* End XCBuildConfiguration section */

/* Begin XCConfigurationList section */
		CB582EBD2B4F2615006ED90D /* Build configuration list for PBXProject "Wired" */ = {
			isa = XCConfigurationList;
			buildConfigurations = (
				CB582EE42B4F2617006ED90D /* Debug */,
				CB582EE52B4F2617006ED90D /* Release */,
			);
			defaultConfigurationIsVisible = 0;
			defaultConfigurationName = Release;
		};
		CB582EE62B4F2617006ED90D /* Build configuration list for PBXNativeTarget "Wired" */ = {
			isa = XCConfigurationList;
			buildConfigurations = (
				CB582EE72B4F2617006ED90D /* Debug */,
				CB582EE82B4F2617006ED90D /* Release */,
			);
			defaultConfigurationIsVisible = 0;
			defaultConfigurationName = Release;
		};
		CB582EE92B4F2617006ED90D /* Build configuration list for PBXNativeTarget "WiredTests" */ = {
			isa = XCConfigurationList;
			buildConfigurations = (
				CB582EEA2B4F2617006ED90D /* Debug */,
				CB582EEB2B4F2617006ED90D /* Release */,
			);
			defaultConfigurationIsVisible = 0;
			defaultConfigurationName = Release;
		};
		CB582EEC2B4F2617006ED90D /* Build configuration list for PBXNativeTarget "WiredUITests" */ = {
			isa = XCConfigurationList;
			buildConfigurations = (
				CB582EED2B4F2617006ED90D /* Debug */,
				CB582EEE2B4F2617006ED90D /* Release */,
			);
			defaultConfigurationIsVisible = 0;
			defaultConfigurationName = Release;
		};
/* End XCConfigurationList section */
	};
	rootObject = CB582EBA2B4F2615006ED90D /* Project object */;
}
